
Microsoft Visual Studio Solution File, Format Version 12.00
# Visual Studio Version 16
VisualStudioVersion = 16.0.30320.27
MinimumVisualStudioVersion = 10.0.40219.1
Project("{FAE04EC0-301F-11D3-BF4B-00C04F79EFBC}") = "PRACTICE_HoangDuyManh", "PRACTICE_HoangDuyManh.csproj", "{F83BCF3D-D5FD-47F7-ACBE-F62C511CC71A}"
EndProject
Global
	GlobalSection(SolutionConfigurationPlatforms) = preSolution
		Debug|Any CPU = Debug|Any CPU
		Release|Any CPU = Release|Any CPU
	EndGlobalSection
	GlobalSection(ProjectConfigurationPlatforms) = postSolution
		{F83BCF3D-D5FD-47F7-ACBE-F62C511CC71A}.Debug|Any CPU.ActiveCfg = Debug|Any CPU
		{F83BCF3D-D5FD-47F7-ACBE-F62C511CC71A}.Debug|Any CPU.Build.0 = Debug|Any CPU
		{F83BCF3D-D5FD-47F7-ACBE-F62C511CC71A}.Release|Any CPU.ActiveCfg = Release|Any CPU
		{F83BCF3D-D5FD-47F7-ACBE-F62C511CC71A}.Release|Any CPU.Build.0 = Release|Any CPU
	EndGlobalSection
	GlobalSection(SolutionProperties) = preSolution
		HideSolutionNode = FALSE
	EndGlobalSection
	GlobalSection(ExtensibilityGlobals) = postSolution
		SolutionGuid = {457877E0-0633-4D8E-BE5A-F55D531F2293}
	EndGlobalSection
EndGlobal
